
Microsoft Visual Studio Solution File, Format Version 12.00
# Visual Studio Version 16
VisualStudioVersion = 16.0.30114.105
MinimumVisualStudioVersion = 10.0.40219.1
Project("{888888A0-9F3D-457C-B088-3A5042F75D52}") = "Lesson1", "Lesson1\Lesson1.pyproj", "{FA178D76-E497-48CF-B831-D6B4E4C5E3C9}"
EndProject
Project("{888888A0-9F3D-457C-B088-3A5042F75D52}") = "Lesson2", "Lesson2\Lesson2.pyproj", "{ADFE8148-6A16-4408-BF27-452A5A588F3E}"
EndProject
Project("{888888A0-9F3D-457C-B088-3A5042F75D52}") = "Lesson3", "Lesson3\Lesson3.pyproj", "{AA238A26-B6AB-4C1F-887E-F9A74E2A224B}"
EndProject
Project("{888888A0-9F3D-457C-B088-3A5042F75D52}") = "Lesson4", "Lesson4\Lesson4.pyproj", "{C5C3FD0D-FA3A-4F3E-81FD-7850401F614C}"
EndProject
Project("{888888A0-9F3D-457C-B088-3A5042F75D52}") = "Lesson5", "Lesson5\Lesson5.pyproj", "{544EB1F2-4A92-44BF-8B00-ED5B5F756F61}"
EndProject
Global
	GlobalSection(SolutionConfigurationPlatforms) = preSolution
		Debug|Any CPU = Debug|Any CPU
		Release|Any CPU = Release|Any CPU
	EndGlobalSection
	GlobalSection(ProjectConfigurationPlatforms) = postSolution
		{FA178D76-E497-48CF-B831-D6B4E4C5E3C9}.Debug|Any CPU.ActiveCfg = Debug|Any CPU
		{FA178D76-E497-48CF-B831-D6B4E4C5E3C9}.Release|Any CPU.ActiveCfg = Release|Any CPU
		{ADFE8148-6A16-4408-BF27-452A5A588F3E}.Debug|Any CPU.ActiveCfg = Debug|Any CPU
		{ADFE8148-6A16-4408-BF27-452A5A588F3E}.Release|Any CPU.ActiveCfg = Release|Any CPU
		{AA238A26-B6AB-4C1F-887E-F9A74E2A224B}.Debug|Any CPU.ActiveCfg = Debug|Any CPU
		{AA238A26-B6AB-4C1F-887E-F9A74E2A224B}.Release|Any CPU.ActiveCfg = Release|Any CPU
		{C5C3FD0D-FA3A-4F3E-81FD-7850401F614C}.Debug|Any CPU.ActiveCfg = Debug|Any CPU
		{C5C3FD0D-FA3A-4F3E-81FD-7850401F614C}.Release|Any CPU.ActiveCfg = Release|Any CPU
		{544EB1F2-4A92-44BF-8B00-ED5B5F756F61}.Debug|Any CPU.ActiveCfg = Debug|Any CPU
		{544EB1F2-4A92-44BF-8B00-ED5B5F756F61}.Release|Any CPU.ActiveCfg = Release|Any CPU
	EndGlobalSection
	GlobalSection(SolutionProperties) = preSolution
		HideSolutionNode = FALSE
	EndGlobalSection
	GlobalSection(ExtensibilityGlobals) = postSolution
		SolutionGuid = {702E4B97-CA2F-4C87-B79D-3C115AC9C136}
	EndGlobalSection
EndGlobal
